
Microsoft Visual Studio Solution File, Format Version 12.00
# Visual Studio Version 17
VisualStudioVersion = 17.10.35122.118
MinimumVisualStudioVersion = 10.0.40219.1
Project("{FAE04EC0-301F-11D3-BF4B-00C04F79EFBC}") = "MultApps.Windows", "MultApps.Windows\MultApps.Windows.csproj", "{CC0E13B9-157B-43C9-A1C4-48EEDC6E33BE}"
EndProject
Global
	GlobalSection(SolutionConfigurationPlatforms) = preSolution
		Debug|Any CPU = Debug|Any CPU
		Release|Any CPU = Release|Any CPU
	EndGlobalSection
	GlobalSection(ProjectConfigurationPlatforms) = postSolution
		{CC0E13B9-157B-43C9-A1C4-48EEDC6E33BE}.Debug|Any CPU.ActiveCfg = Debug|Any CPU
		{CC0E13B9-157B-43C9-A1C4-48EEDC6E33BE}.Debug|Any CPU.Build.0 = Debug|Any CPU
		{CC0E13B9-157B-43C9-A1C4-48EEDC6E33BE}.Release|Any CPU.ActiveCfg = Release|Any CPU
		{CC0E13B9-157B-43C9-A1C4-48EEDC6E33BE}.Release|Any CPU.Build.0 = Release|Any CPU
	EndGlobalSection
	GlobalSection(SolutionProperties) = preSolution
		HideSolutionNode = FALSE
	EndGlobalSection
	GlobalSection(ExtensibilityGlobals) = postSolution
		SolutionGuid = {A199CBDF-5577-41EE-9B07-17ACF6E85FEB}
	EndGlobalSection
EndGlobal
